
Microsoft Visual Studio Solution File, Format Version 12.00
# Visual Studio 15
VisualStudioVersion = 15.0.27428.2037
MinimumVisualStudioVersion = 10.0.40219.1
Project("{FAE04EC0-301F-11D3-BF4B-00C04F79EFBC}") = "DockerCompose", "DockerCompose\DockerCompose.csproj", "{9921BE00-AE42-4410-B826-4F431E09A207}"
EndProject
Project("{E53339B2-1760-4266-BCC7-CA923CBCF16C}") = "docker-compose", "docker-compose.dcproj", "{317FF838-2FC9-4977-A0DD-50EA7C5F2542}"
EndProject
Project("{FAE04EC0-301F-11D3-BF4B-00C04F79EFBC}") = "DockerComposeApi", "DockerComposeApi\DockerComposeApi.csproj", "{908ED0E1-E1DA-4F8C-BC16-798E164BECB9}"
EndProject
Global
	GlobalSection(SolutionConfigurationPlatforms) = preSolution
		Debug|Any CPU = Debug|Any CPU
		Release|Any CPU = Release|Any CPU
	EndGlobalSection
	GlobalSection(ProjectConfigurationPlatforms) = postSolution
		{9921BE00-AE42-4410-B826-4F431E09A207}.Debug|Any CPU.ActiveCfg = Debug|Any CPU
		{9921BE00-AE42-4410-B826-4F431E09A207}.Debug|Any CPU.Build.0 = Debug|Any CPU
		{9921BE00-AE42-4410-B826-4F431E09A207}.Release|Any CPU.ActiveCfg = Release|Any CPU
		{9921BE00-AE42-4410-B826-4F431E09A207}.Release|Any CPU.Build.0 = Release|Any CPU
		{317FF838-2FC9-4977-A0DD-50EA7C5F2542}.Debug|Any CPU.ActiveCfg = Debug|Any CPU
		{317FF838-2FC9-4977-A0DD-50EA7C5F2542}.Debug|Any CPU.Build.0 = Debug|Any CPU
		{317FF838-2FC9-4977-A0DD-50EA7C5F2542}.Release|Any CPU.ActiveCfg = Release|Any CPU
		{317FF838-2FC9-4977-A0DD-50EA7C5F2542}.Release|Any CPU.Build.0 = Release|Any CPU
		{908ED0E1-E1DA-4F8C-BC16-798E164BECB9}.Debug|Any CPU.ActiveCfg = Debug|Any CPU
		{908ED0E1-E1DA-4F8C-BC16-798E164BECB9}.Debug|Any CPU.Build.0 = Debug|Any CPU
		{908ED0E1-E1DA-4F8C-BC16-798E164BECB9}.Release|Any CPU.ActiveCfg = Release|Any CPU
		{908ED0E1-E1DA-4F8C-BC16-798E164BECB9}.Release|Any CPU.Build.0 = Release|Any CPU
	EndGlobalSection
	GlobalSection(SolutionProperties) = preSolution
		HideSolutionNode = FALSE
	EndGlobalSection
	GlobalSection(ExtensibilityGlobals) = postSolution
		SolutionGuid = {73C8E51A-C14C-4E16-A568-0B95B1609FDF}
	EndGlobalSection
EndGlobal
